
Microsoft Visual Studio Solution File, Format Version 12.00
# Visual Studio Version 17
VisualStudioVersion = 17.8.34525.116
MinimumVisualStudioVersion = 10.0.40219.1
Project("{9A19103F-16F7-4668-BE54-9A1E7A4F7556}") = "LAN_Share", "LAN_Share.csproj", "{333F0CA9-0C7B-4CB8-9B6B-F1E58B4C6B44}"
EndProject
Global
	GlobalSection(SolutionConfigurationPlatforms) = preSolution
		Debug|Any CPU = Debug|Any CPU
		Release|Any CPU = Release|Any CPU
	EndGlobalSection
	GlobalSection(ProjectConfigurationPlatforms) = postSolution
		{333F0CA9-0C7B-4CB8-9B6B-F1E58B4C6B44}.Debug|Any CPU.ActiveCfg = Debug|Any CPU
		{333F0CA9-0C7B-4CB8-9B6B-F1E58B4C6B44}.Debug|Any CPU.Build.0 = Debug|Any CPU
		{333F0CA9-0C7B-4CB8-9B6B-F1E58B4C6B44}.Release|Any CPU.ActiveCfg = Release|Any CPU
		{333F0CA9-0C7B-4CB8-9B6B-F1E58B4C6B44}.Release|Any CPU.Build.0 = Release|Any CPU
	EndGlobalSection
	GlobalSection(SolutionProperties) = preSolution
		HideSolutionNode = FALSE
	EndGlobalSection
	GlobalSection(ExtensibilityGlobals) = postSolution
		SolutionGuid = {3C72A37E-AFB8-422F-8FEF-C71ECDFAA3A4}
	EndGlobalSection
EndGlobal
